
Microsoft Visual Studio Solution File, Format Version 12.00
# Visual Studio Version 17
VisualStudioVersion = 17.10.34928.147
MinimumVisualStudioVersion = 10.0.40219.1
Project("{FAE04EC0-301F-11D3-BF4B-00C04F79EFBC}") = "BlazorChat", "BlazorChat\BlazorChat.csproj", "{90DC6FFC-7981-4566-84E7-F75A94D0E311}"
EndProject
Project("{FAE04EC0-301F-11D3-BF4B-00C04F79EFBC}") = "BlazorChat.Client", "BlazorChat.Client\BlazorChat.Client.csproj", "{B1D3751E-3F39-4A3D-A959-C90E91A8E0E5}"
EndProject
Global
	GlobalSection(SolutionConfigurationPlatforms) = preSolution
		Debug|Any CPU = Debug|Any CPU
		Release|Any CPU = Release|Any CPU
	EndGlobalSection
	GlobalSection(ProjectConfigurationPlatforms) = postSolution
		{90DC6FFC-7981-4566-84E7-F75A94D0E311}.Debug|Any CPU.ActiveCfg = Debug|Any CPU
		{90DC6FFC-7981-4566-84E7-F75A94D0E311}.Debug|Any CPU.Build.0 = Debug|Any CPU
		{90DC6FFC-7981-4566-84E7-F75A94D0E311}.Release|Any CPU.ActiveCfg = Release|Any CPU
		{90DC6FFC-7981-4566-84E7-F75A94D0E311}.Release|Any CPU.Build.0 = Release|Any CPU
		{B1D3751E-3F39-4A3D-A959-C90E91A8E0E5}.Debug|Any CPU.ActiveCfg = Debug|Any CPU
		{B1D3751E-3F39-4A3D-A959-C90E91A8E0E5}.Debug|Any CPU.Build.0 = Debug|Any CPU
		{B1D3751E-3F39-4A3D-A959-C90E91A8E0E5}.Release|Any CPU.ActiveCfg = Release|Any CPU
		{B1D3751E-3F39-4A3D-A959-C90E91A8E0E5}.Release|Any CPU.Build.0 = Release|Any CPU
	EndGlobalSection
	GlobalSection(SolutionProperties) = preSolution
		HideSolutionNode = FALSE
	EndGlobalSection
	GlobalSection(ExtensibilityGlobals) = postSolution
		SolutionGuid = {658BB058-F0CD-43AB-B06B-8CEE679CD4B0}
	EndGlobalSection
EndGlobal
